
Microsoft Visual Studio Solution File, Format Version 12.00
# Visual Studio Version 16
VisualStudioVersion = 16.0.31624.102
MinimumVisualStudioVersion = 10.0.40219.1
Project("{FAE04EC0-301F-11D3-BF4B-00C04F79EFBC}") = "BasketballTeamTracker.UI", "BasketballTeamTracker.UI\BasketballTeamTracker.UI.csproj", "{96092499-A6F1-473C-8944-637E52DDC522}"
EndProject
Project("{FAE04EC0-301F-11D3-BF4B-00C04F79EFBC}") = "BasketballTeamTracker.POCO", "BasketballTeamTracker.POCO\BasketballTeamTracker.POCO.csproj", "{09FF081D-E5D0-47AF-AF92-340F106EE410}"
EndProject
Project("{FAE04EC0-301F-11D3-BF4B-00C04F79EFBC}") = "BasketBallTeamTracker.Repository", "BasketBallTeamTracker.Repository\BasketBallTeamTracker.Repository.csproj", "{57E66F97-7E62-453A-B740-27F6783965BD}"
EndProject
Global
	GlobalSection(SolutionConfigurationPlatforms) = preSolution
		Debug|Any CPU = Debug|Any CPU
		Release|Any CPU = Release|Any CPU
	EndGlobalSection
	GlobalSection(ProjectConfigurationPlatforms) = postSolution
		{96092499-A6F1-473C-8944-637E52DDC522}.Debug|Any CPU.ActiveCfg = Debug|Any CPU
		{96092499-A6F1-473C-8944-637E52DDC522}.Debug|Any CPU.Build.0 = Debug|Any CPU
		{96092499-A6F1-473C-8944-637E52DDC522}.Release|Any CPU.ActiveCfg = Release|Any CPU
		{96092499-A6F1-473C-8944-637E52DDC522}.Release|Any CPU.Build.0 = Release|Any CPU
		{09FF081D-E5D0-47AF-AF92-340F106EE410}.Debug|Any CPU.ActiveCfg = Debug|Any CPU
		{09FF081D-E5D0-47AF-AF92-340F106EE410}.Debug|Any CPU.Build.0 = Debug|Any CPU
		{09FF081D-E5D0-47AF-AF92-340F106EE410}.Release|Any CPU.ActiveCfg = Release|Any CPU
		{09FF081D-E5D0-47AF-AF92-340F106EE410}.Release|Any CPU.Build.0 = Release|Any CPU
		{57E66F97-7E62-453A-B740-27F6783965BD}.Debug|Any CPU.ActiveCfg = Debug|Any CPU
		{57E66F97-7E62-453A-B740-27F6783965BD}.Debug|Any CPU.Build.0 = Debug|Any CPU
		{57E66F97-7E62-453A-B740-27F6783965BD}.Release|Any CPU.ActiveCfg = Release|Any CPU
		{57E66F97-7E62-453A-B740-27F6783965BD}.Release|Any CPU.Build.0 = Release|Any CPU
	EndGlobalSection
	GlobalSection(SolutionProperties) = preSolution
		HideSolutionNode = FALSE
	EndGlobalSection
	GlobalSection(ExtensibilityGlobals) = postSolution
		SolutionGuid = {F78A1064-52AD-4E2C-9BB1-9E4566CE26AE}
	EndGlobalSection
EndGlobal
